// !$*UTF8*$!
{
	archiveVersion = 1;
	classes = {
	};
	objectVersion = 56;
	objects = {

/* Begin PBXBuildFile section */
		210F111529B63CB10023E4F6 /* InputView.xib in Resources */ = {isa = PBXBuildFile; fileRef = 210F111429B63CB10023E4F6 /* InputView.xib */; };
		210F111929B644EF0023E4F6 /* BaseTextField.swift in Sources */ = {isa = PBXBuildFile; fileRef = 210F111829B644EF0023E4F6 /* BaseTextField.swift */; };
		2111638929B878860020ED9A /* EnterUserInfoVC.swift in Sources */ = {isa = PBXBuildFile; fileRef = 2111638829B878860020ED9A /* EnterUserInfoVC.swift */; };
		2111638C29B87CBE0020ED9A /* OTPView.swift in Sources */ = {isa = PBXBuildFile; fileRef = 2111638B29B87CBE0020ED9A /* OTPView.swift */; };
		2111638E29B87CCA0020ED9A /* OTPView.xib in Resources */ = {isa = PBXBuildFile; fileRef = 2111638D29B87CCA0020ED9A /* OTPView.xib */; };
		2111639029B880080020ED9A /* OTPVC.swift in Sources */ = {isa = PBXBuildFile; fileRef = 2111638F29B880080020ED9A /* OTPVC.swift */; };
		2140B85729C20F6200A93257 /* YourLocationVC.swift in Sources */ = {isa = PBXBuildFile; fileRef = 2140B85629C20F6200A93257 /* YourLocationVC.swift */; };
		2140B85929C2118500A93257 /* LocTVCell.swift in Sources */ = {isa = PBXBuildFile; fileRef = 2140B85829C2118500A93257 /* LocTVCell.swift */; };
		2140B85B29C2175000A93257 /* PentagonImageView.swift in Sources */ = {isa = PBXBuildFile; fileRef = 2140B85A29C2175000A93257 /* PentagonImageView.swift */; };
		2140B85E29C2185500A93257 /* NotificationsVC.swift in Sources */ = {isa = PBXBuildFile; fileRef = 2140B85D29C2185500A93257 /* NotificationsVC.swift */; };
		2140B86029C2186200A93257 /* Notification.storyboard in Resources */ = {isa = PBXBuildFile; fileRef = 2140B85F29C2186200A93257 /* Notification.storyboard */; };
		2140B86429C21ACF00A93257 /* NotificationTVCell.swift in Sources */ = {isa = PBXBuildFile; fileRef = 2140B86329C21ACF00A93257 /* NotificationTVCell.swift */; };
		2140B86729C2256100A93257 /* Map.storyboard in Resources */ = {isa = PBXBuildFile; fileRef = 2140B86629C2256100A93257 /* Map.storyboard */; };
		2140B86929C2257900A93257 /* MapVC.swift in Sources */ = {isa = PBXBuildFile; fileRef = 2140B86829C2257900A93257 /* MapVC.swift */; };
		2140B86C29C2283E00A93257 /* Profile.storyboard in Resources */ = {isa = PBXBuildFile; fileRef = 2140B86B29C2283E00A93257 /* Profile.storyboard */; };
		2140B86E29C2284B00A93257 /* ProfileVC.swift in Sources */ = {isa = PBXBuildFile; fileRef = 2140B86D29C2284B00A93257 /* ProfileVC.swift */; };
		2140B87029C22E4600A93257 /* ProfileTVCell.swift in Sources */ = {isa = PBXBuildFile; fileRef = 2140B86F29C22E4600A93257 /* ProfileTVCell.swift */; };
		215D3A6429EC31AE00FF48AD /* CalendarCVCell.swift in Sources */ = {isa = PBXBuildFile; fileRef = 215D3A6229EC31AE00FF48AD /* CalendarCVCell.swift */; };
		215D3A6529EC31AE00FF48AD /* CalendarCVCell.xib in Resources */ = {isa = PBXBuildFile; fileRef = 215D3A6329EC31AE00FF48AD /* CalendarCVCell.xib */; };
		215D3A6829EC397C00FF48AD /* TableCVCell.swift in Sources */ = {isa = PBXBuildFile; fileRef = 215D3A6629EC397C00FF48AD /* TableCVCell.swift */; };
		215D3A6929EC397C00FF48AD /* TableCVCell.xib in Resources */ = {isa = PBXBuildFile; fileRef = 215D3A6729EC397C00FF48AD /* TableCVCell.xib */; };
		215D3A6C29EC3AFC00FF48AD /* TimeCVCell.swift in Sources */ = {isa = PBXBuildFile; fileRef = 215D3A6A29EC3AFC00FF48AD /* TimeCVCell.swift */; };
		215D3A6D29EC3AFC00FF48AD /* TimeCVCell.xib in Resources */ = {isa = PBXBuildFile; fileRef = 215D3A6B29EC3AFC00FF48AD /* TimeCVCell.xib */; };
		216F967629D85CB20089702E /* SearchVC.swift in Sources */ = {isa = PBXBuildFile; fileRef = 216F967529D85CB20089702E /* SearchVC.swift */; };
		216F967929D85F900089702E /* FilterCVCell.swift in Sources */ = {isa = PBXBuildFile; fileRef = 216F967729D85F900089702E /* FilterCVCell.swift */; };
		216F967A29D85F900089702E /* FilterCVCell.xib in Resources */ = {isa = PBXBuildFile; fileRef = 216F967829D85F900089702E /* FilterCVCell.xib */; };
		216F967E29D86C830089702E /* ReservationsCVCell.swift in Sources */ = {isa = PBXBuildFile; fileRef = 216F967C29D86C830089702E /* ReservationsCVCell.swift */; };
		216F967F29D86C830089702E /* ReservationsCVCell.xib in Resources */ = {isa = PBXBuildFile; fileRef = 216F967D29D86C830089702E /* ReservationsCVCell.xib */; };
		216F968229D86CBD0089702E /* ReservationsVC.swift in Sources */ = {isa = PBXBuildFile; fileRef = 216F968129D86CBD0089702E /* ReservationsVC.swift */; };
		216F968429D86E010089702E /* RestaurantsTVCell.swift in Sources */ = {isa = PBXBuildFile; fileRef = 216F968329D86E010089702E /* RestaurantsTVCell.swift */; };
		216F968629DAFF340089702E /* ReservationsTVCell.swift in Sources */ = {isa = PBXBuildFile; fileRef = 216F968529DAFF340089702E /* ReservationsTVCell.swift */; };
		21875E5329CC5B1500FC2BCE /* EditProfileVC.swift in Sources */ = {isa = PBXBuildFile; fileRef = 21875E5229CC5B1500FC2BCE /* EditProfileVC.swift */; };
		219F901729B4D295002E28C4 /* CustomPageControllerView.swift in Sources */ = {isa = PBXBuildFile; fileRef = 219F901629B4D295002E28C4 /* CustomPageControllerView.swift */; };
		21B2EEFC29A78FAD001F4CBB /* CollectionViewCell.swift in Sources */ = {isa = PBXBuildFile; fileRef = 21B2EEFA29A78FAD001F4CBB /* CollectionViewCell.swift */; };
		21B2EEFD29A78FAD001F4CBB /* CollectionViewCell.xib in Resources */ = {isa = PBXBuildFile; fileRef = 21B2EEFB29A78FAD001F4CBB /* CollectionViewCell.xib */; };
		21B4B3A429E9973600C7DC2E /* RestaurantAndMenu.storyboard in Resources */ = {isa = PBXBuildFile; fileRef = 21B4B3A329E9973600C7DC2E /* RestaurantAndMenu.storyboard */; };
		21B4B3A629E9A1DE00C7DC2E /* RestaurantAndMenuVC.swift in Sources */ = {isa = PBXBuildFile; fileRef = 21B4B3A529E9A1DE00C7DC2E /* RestaurantAndMenuVC.swift */; };
		21B4B3A929E9A20900C7DC2E /* MenuTVCell.swift in Sources */ = {isa = PBXBuildFile; fileRef = 21B4B3A729E9A20900C7DC2E /* MenuTVCell.swift */; };
		21B4B3AA29E9A20900C7DC2E /* MenuTVCell.xib in Resources */ = {isa = PBXBuildFile; fileRef = 21B4B3A829E9A20900C7DC2E /* MenuTVCell.xib */; };
		21B4B3AC29E9A2E200C7DC2E /* MenuHeaderView.swift in Sources */ = {isa = PBXBuildFile; fileRef = 21B4B3AB29E9A2E200C7DC2E /* MenuHeaderView.swift */; };
		21B4B3AE29E9C67100C7DC2E /* RestaurantDetailsTVCell.swift in Sources */ = {isa = PBXBuildFile; fileRef = 21B4B3AD29E9C67100C7DC2E /* RestaurantDetailsTVCell.swift */; };
		21B4B3B029E9C6FE00C7DC2E /* RestaurantDetailsVC.swift in Sources */ = {isa = PBXBuildFile; fileRef = 21B4B3AF29E9C6FE00C7DC2E /* RestaurantDetailsVC.swift */; };
		21B4B3B229E9CB8200C7DC2E /* RestaurantDetailsVM.swift in Sources */ = {isa = PBXBuildFile; fileRef = 21B4B3B129E9CB8200C7DC2E /* RestaurantDetailsVM.swift */; };
		21BC1CFB29C7333D00B275F6 /* WideRestaurantCVCell.swift in Sources */ = {isa = PBXBuildFile; fileRef = 21BC1CF929C7333D00B275F6 /* WideRestaurantCVCell.swift */; };
		21BC1CFC29C7333D00B275F6 /* WideRestaurantCVCell.xib in Resources */ = {isa = PBXBuildFile; fileRef = 21BC1CFA29C7333D00B275F6 /* WideRestaurantCVCell.xib */; };
		21BC1CFF29C738AD00B275F6 /* NarrowRestaurantCVCell.swift in Sources */ = {isa = PBXBuildFile; fileRef = 21BC1CFD29C738AD00B275F6 /* NarrowRestaurantCVCell.swift */; };
		21BC1D0029C738AD00B275F6 /* NarrowRestaurantCVCell.xib in Resources */ = {isa = PBXBuildFile; fileRef = 21BC1CFE29C738AD00B275F6 /* NarrowRestaurantCVCell.xib */; };
		21BD800F29C762B500440D47 /* HomeVC.swift in Sources */ = {isa = PBXBuildFile; fileRef = 21BD800E29C762B500440D47 /* HomeVC.swift */; };
		21BD801129C7675D00440D47 /* HeaderView.swift in Sources */ = {isa = PBXBuildFile; fileRef = 21BD801029C7675D00440D47 /* HeaderView.swift */; };
		21C2703729CCCBAD00AA5099 /* History.storyboard in Resources */ = {isa = PBXBuildFile; fileRef = 21C2703629CCCBAD00AA5099 /* History.storyboard */; };
		21C2703929CCCBD100AA5099 /* HistoryVC.swift in Sources */ = {isa = PBXBuildFile; fileRef = 21C2703829CCCBD100AA5099 /* HistoryVC.swift */; };
		21C2703D29CCCBFA00AA5099 /* HistoryHeaderView.swift in Sources */ = {isa = PBXBuildFile; fileRef = 21C2703C29CCCBFA00AA5099 /* HistoryHeaderView.swift */; };
		21C2703F29CCCC1900AA5099 /* HistoryHeaderView.xib in Resources */ = {isa = PBXBuildFile; fileRef = 21C2703E29CCCC1900AA5099 /* HistoryHeaderView.xib */; };
		21C2704229CCCD3200AA5099 /* HistoryTVCell.swift in Sources */ = {isa = PBXBuildFile; fileRef = 21C2704029CCCD3200AA5099 /* HistoryTVCell.swift */; };
		21C2704329CCCD3200AA5099 /* HistoryTVCell.xib in Resources */ = {isa = PBXBuildFile; fileRef = 21C2704129CCCD3200AA5099 /* HistoryTVCell.xib */; };
		21C5FB2B29BF341E00C7EF70 /* AllCategoriesVC.swift in Sources */ = {isa = PBXBuildFile; fileRef = 21C5FB2A29BF341E00C7EF70 /* AllCategoriesVC.swift */; };
		21C5FB2D29BF34DE00C7EF70 /* CategoryCell.swift in Sources */ = {isa = PBXBuildFile; fileRef = 21C5FB2C29BF34DE00C7EF70 /* CategoryCell.swift */; };
		21C5FB3029BF557E00C7EF70 /* CustomSearchView.xib in Resources */ = {isa = PBXBuildFile; fileRef = 21C5FB2F29BF557E00C7EF70 /* CustomSearchView.xib */; };
		21C5FB3229C0EA2000C7EF70 /* CustomSearchView.swift in Sources */ = {isa = PBXBuildFile; fileRef = 21C5FB3129C0EA2000C7EF70 /* CustomSearchView.swift */; };
		21D23FC929BF2C660062AF37 /* Home.storyboard in Resources */ = {isa = PBXBuildFile; fileRef = 21D23FC829BF2C660062AF37 /* Home.storyboard */; };
		21D3656829B8C9C9007E8B2D /* CustomTabBarController.swift in Sources */ = {isa = PBXBuildFile; fileRef = 21D3656729B8C9C9007E8B2D /* CustomTabBarController.swift */; };
		21D7585D29C7300300704917 /* HeaderView.xib in Resources */ = {isa = PBXBuildFile; fileRef = 21D7585C29C7300300704917 /* HeaderView.xib */; };
		21DC3E5D29EC231400AF57DB /* MakeReservation.storyboard in Resources */ = {isa = PBXBuildFile; fileRef = 21DC3E5C29EC231400AF57DB /* MakeReservation.storyboard */; };
		21DC3E5F29EC2BC100AF57DB /* MakeReservationVC.swift in Sources */ = {isa = PBXBuildFile; fileRef = 21DC3E5E29EC2BC100AF57DB /* MakeReservationVC.swift */; };
		21E6416229DBFCFF00490215 /* CustomSegmentView.swift in Sources */ = {isa = PBXBuildFile; fileRef = 21E6416129DBFCFF00490215 /* CustomSegmentView.swift */; };
		21F6692829B6541C00DF9F64 /* Login.storyboard in Resources */ = {isa = PBXBuildFile; fileRef = 21F6692729B6541C00DF9F64 /* Login.storyboard */; };
		21F6692B29B65AE900DF9F64 /* LoginVC.swift in Sources */ = {isa = PBXBuildFile; fileRef = 21F6692929B654E600DF9F64 /* LoginVC.swift */; };
		21F6692C29B65AF900DF9F64 /* InputView.swift in Sources */ = {isa = PBXBuildFile; fileRef = 210F111629B63FBB0023E4F6 /* InputView.swift */; };
		21F6692E29B70A3700DF9F64 /* CustomButton.swift in Sources */ = {isa = PBXBuildFile; fileRef = 21F6692D29B70A3700DF9F64 /* CustomButton.swift */; };
		21FA651729E6791E00AEED2D /* CustomSegmentView.xib in Resources */ = {isa = PBXBuildFile; fileRef = 21FA651629E6791E00AEED2D /* CustomSegmentView.xib */; };
		21FA651A29E679C600AEED2D /* CustomSegmentCVCell.swift in Sources */ = {isa = PBXBuildFile; fileRef = 21FA651829E679C600AEED2D /* CustomSegmentCVCell.swift */; };
		21FA651B29E679C600AEED2D /* CustomSegmentCVCell.xib in Resources */ = {isa = PBXBuildFile; fileRef = 21FA651929E679C600AEED2D /* CustomSegmentCVCell.xib */; };
		21FAABC629A6A20D00731BCA /* AppDelegate.swift in Sources */ = {isa = PBXBuildFile; fileRef = 21FAABC529A6A20D00731BCA /* AppDelegate.swift */; };
		21FAABC829A6A20D00731BCA /* SceneDelegate.swift in Sources */ = {isa = PBXBuildFile; fileRef = 21FAABC729A6A20D00731BCA /* SceneDelegate.swift */; };
		21FAABCA29A6A20D00731BCA /* ViewController.swift in Sources */ = {isa = PBXBuildFile; fileRef = 21FAABC929A6A20D00731BCA /* ViewController.swift */; };
		21FAABCD29A6A20D00731BCA /* Main.storyboard in Resources */ = {isa = PBXBuildFile; fileRef = 21FAABCB29A6A20D00731BCA /* Main.storyboard */; };
		21FAABCF29A6A20E00731BCA /* Assets.xcassets in Resources */ = {isa = PBXBuildFile; fileRef = 21FAABCE29A6A20E00731BCA /* Assets.xcassets */; };
		21FAABD229A6A20E00731BCA /* LaunchScreen.storyboard in Resources */ = {isa = PBXBuildFile; fileRef = 21FAABD029A6A20E00731BCA /* LaunchScreen.storyboard */; };
		21FAABDD29A6A20F00731BCA /* RezervoAppTests.swift in Sources */ = {isa = PBXBuildFile; fileRef = 21FAABDC29A6A20F00731BCA /* RezervoAppTests.swift */; };
		21FAABE729A6A20F00731BCA /* RezervoAppUITests.swift in Sources */ = {isa = PBXBuildFile; fileRef = 21FAABE629A6A20F00731BCA /* RezervoAppUITests.swift */; };
		21FAABE929A6A20F00731BCA /* RezervoAppUITestsLaunchTests.swift in Sources */ = {isa = PBXBuildFile; fileRef = 21FAABE829A6A20F00731BCA /* RezervoAppUITestsLaunchTests.swift */; };
		21FAABF729A6A23100731BCA /* OnBoarding.storyboard in Resources */ = {isa = PBXBuildFile; fileRef = 21FAABF629A6A23100731BCA /* OnBoarding.storyboard */; };
		21FAABFC29A6A6A500731BCA /* Extensions.swift in Sources */ = {isa = PBXBuildFile; fileRef = 21FAABFB29A6A6A500731BCA /* Extensions.swift */; };
		21FAABFE29A6A7B300731BCA /* OnBoardingVC.swift in Sources */ = {isa = PBXBuildFile; fileRef = 21FAABFD29A6A7B300731BCA /* OnBoardingVC.swift */; };
		21FAAC0129A6AF0C00731BCA /* Assets.swift in Sources */ = {isa = PBXBuildFile; fileRef = 21FAAC0029A6AF0C00731BCA /* Assets.swift */; };
		21FAAC0329A6B12800731BCA /* OnBoardCVCell.swift in Sources */ = {isa = PBXBuildFile; fileRef = 21FAAC0229A6B12800731BCA /* OnBoardCVCell.swift */; };
/* End PBXBuildFile section */

/* Begin PBXContainerItemProxy section */
		21FAABD929A6A20F00731BCA /* PBXContainerItemProxy */ = {
			isa = PBXContainerItemProxy;
			containerPortal = 21FAABBA29A6A20D00731BCA /* Project object */;
			proxyType = 1;
			remoteGlobalIDString = 21FAABC129A6A20D00731BCA;
			remoteInfo = RezervoApp;
		};
		21FAABE329A6A20F00731BCA /* PBXContainerItemProxy */ = {
			isa = PBXContainerItemProxy;
			containerPortal = 21FAABBA29A6A20D00731BCA /* Project object */;
			proxyType = 1;
			remoteGlobalIDString = 21FAABC129A6A20D00731BCA;
			remoteInfo = RezervoApp;
		};
/* End PBXContainerItemProxy section */

/* Begin PBXFileReference section */
		210F111429B63CB10023E4F6 /* InputView.xib */ = {isa = PBXFileReference; lastKnownFileType = file.xib; path = InputView.xib; sourceTree = "<group>"; };
		210F111629B63FBB0023E4F6 /* InputView.swift */ = {isa = PBXFileReference; lastKnownFileType = sourcecode.swift; path = InputView.swift; sourceTree = "<group>"; };
		210F111829B644EF0023E4F6 /* BaseTextField.swift */ = {isa = PBXFileReference; lastKnownFileType = sourcecode.swift; path = BaseTextField.swift; sourceTree = "<group>"; };
		2111638829B878860020ED9A /* EnterUserInfoVC.swift */ = {isa = PBXFileReference; lastKnownFileType = sourcecode.swift; path = EnterUserInfoVC.swift; sourceTree = "<group>"; };
		2111638B29B87CBE0020ED9A /* OTPView.swift */ = {isa = PBXFileReference; lastKnownFileType = sourcecode.swift; path = OTPView.swift; sourceTree = "<group>"; };
		2111638D29B87CCA0020ED9A /* OTPView.xib */ = {isa = PBXFileReference; lastKnownFileType = file.xib; path = OTPView.xib; sourceTree = "<group>"; };
		2111638F29B880080020ED9A /* OTPVC.swift */ = {isa = PBXFileReference; lastKnownFileType = sourcecode.swift; path = OTPVC.swift; sourceTree = "<group>"; };
		2140B85629C20F6200A93257 /* YourLocationVC.swift */ = {isa = PBXFileReference; lastKnownFileType = sourcecode.swift; path = YourLocationVC.swift; sourceTree = "<group>"; };
		2140B85829C2118500A93257 /* LocTVCell.swift */ = {isa = PBXFileReference; lastKnownFileType = sourcecode.swift; path = LocTVCell.swift; sourceTree = "<group>"; };
		2140B85A29C2175000A93257 /* PentagonImageView.swift */ = {isa = PBXFileReference; lastKnownFileType = sourcecode.swift; path = PentagonImageView.swift; sourceTree = "<group>"; };
		2140B85D29C2185500A93257 /* NotificationsVC.swift */ = {isa = PBXFileReference; lastKnownFileType = sourcecode.swift; path = NotificationsVC.swift; sourceTree = "<group>"; };
		2140B85F29C2186200A93257 /* Notification.storyboard */ = {isa = PBXFileReference; lastKnownFileType = file.storyboard; path = Notification.storyboard; sourceTree = "<group>"; };
		2140B86329C21ACF00A93257 /* NotificationTVCell.swift */ = {isa = PBXFileReference; lastKnownFileType = sourcecode.swift; path = NotificationTVCell.swift; sourceTree = "<group>"; };
		2140B86629C2256100A93257 /* Map.storyboard */ = {isa = PBXFileReference; lastKnownFileType = file.storyboard; path = Map.storyboard; sourceTree = "<group>"; };
		2140B86829C2257900A93257 /* MapVC.swift */ = {isa = PBXFileReference; lastKnownFileType = sourcecode.swift; path = MapVC.swift; sourceTree = "<group>"; };
		2140B86B29C2283E00A93257 /* Profile.storyboard */ = {isa = PBXFileReference; lastKnownFileType = file.storyboard; path = Profile.storyboard; sourceTree = "<group>"; };
		2140B86D29C2284B00A93257 /* ProfileVC.swift */ = {isa = PBXFileReference; lastKnownFileType = sourcecode.swift; path = ProfileVC.swift; sourceTree = "<group>"; };
		2140B86F29C22E4600A93257 /* ProfileTVCell.swift */ = {isa = PBXFileReference; lastKnownFileType = sourcecode.swift; path = ProfileTVCell.swift; sourceTree = "<group>"; };
		215D3A6229EC31AE00FF48AD /* CalendarCVCell.swift */ = {isa = PBXFileReference; lastKnownFileType = sourcecode.swift; path = CalendarCVCell.swift; sourceTree = "<group>"; };
		215D3A6329EC31AE00FF48AD /* CalendarCVCell.xib */ = {isa = PBXFileReference; lastKnownFileType = file.xib; path = CalendarCVCell.xib; sourceTree = "<group>"; };
		215D3A6629EC397C00FF48AD /* TableCVCell.swift */ = {isa = PBXFileReference; lastKnownFileType = sourcecode.swift; path = TableCVCell.swift; sourceTree = "<group>"; };
		215D3A6729EC397C00FF48AD /* TableCVCell.xib */ = {isa = PBXFileReference; lastKnownFileType = file.xib; path = TableCVCell.xib; sourceTree = "<group>"; };
		215D3A6A29EC3AFC00FF48AD /* TimeCVCell.swift */ = {isa = PBXFileReference; lastKnownFileType = sourcecode.swift; path = TimeCVCell.swift; sourceTree = "<group>"; };
		215D3A6B29EC3AFC00FF48AD /* TimeCVCell.xib */ = {isa = PBXFileReference; lastKnownFileType = file.xib; path = TimeCVCell.xib; sourceTree = "<group>"; };
		216F967529D85CB20089702E /* SearchVC.swift */ = {isa = PBXFileReference; lastKnownFileType = sourcecode.swift; path = SearchVC.swift; sourceTree = "<group>"; };
		216F967729D85F900089702E /* FilterCVCell.swift */ = {isa = PBXFileReference; lastKnownFileType = sourcecode.swift; path = FilterCVCell.swift; sourceTree = "<group>"; };
		216F967829D85F900089702E /* FilterCVCell.xib */ = {isa = PBXFileReference; lastKnownFileType = file.xib; path = FilterCVCell.xib; sourceTree = "<group>"; };
		216F967C29D86C830089702E /* ReservationsCVCell.swift */ = {isa = PBXFileReference; lastKnownFileType = sourcecode.swift; path = ReservationsCVCell.swift; sourceTree = "<group>"; };
		216F967D29D86C830089702E /* ReservationsCVCell.xib */ = {isa = PBXFileReference; lastKnownFileType = file.xib; path = ReservationsCVCell.xib; sourceTree = "<group>"; };
		216F968129D86CBD0089702E /* ReservationsVC.swift */ = {isa = PBXFileReference; lastKnownFileType = sourcecode.swift; path = ReservationsVC.swift; sourceTree = "<group>"; };
		216F968329D86E010089702E /* RestaurantsTVCell.swift */ = {isa = PBXFileReference; lastKnownFileType = sourcecode.swift; path = RestaurantsTVCell.swift; sourceTree = "<group>"; };
		216F968529DAFF340089702E /* ReservationsTVCell.swift */ = {isa = PBXFileReference; lastKnownFileType = sourcecode.swift; path = ReservationsTVCell.swift; sourceTree = "<group>"; };
		21875E5229CC5B1500FC2BCE /* EditProfileVC.swift */ = {isa = PBXFileReference; lastKnownFileType = sourcecode.swift; path = EditProfileVC.swift; sourceTree = "<group>"; };
		219F901629B4D295002E28C4 /* CustomPageControllerView.swift */ = {isa = PBXFileReference; lastKnownFileType = sourcecode.swift; path = CustomPageControllerView.swift; sourceTree = "<group>"; };
		21B2EEFA29A78FAD001F4CBB /* CollectionViewCell.swift */ = {isa = PBXFileReference; lastKnownFileType = sourcecode.swift; path = CollectionViewCell.swift; sourceTree = "<group>"; };
		21B2EEFB29A78FAD001F4CBB /* CollectionViewCell.xib */ = {isa = PBXFileReference; lastKnownFileType = file.xib; path = CollectionViewCell.xib; sourceTree = "<group>"; };
		21B4B3A329E9973600C7DC2E /* RestaurantAndMenu.storyboard */ = {isa = PBXFileReference; lastKnownFileType = file.storyboard; path = RestaurantAndMenu.storyboard; sourceTree = "<group>"; };
		21B4B3A529E9A1DE00C7DC2E /* RestaurantAndMenuVC.swift */ = {isa = PBXFileReference; lastKnownFileType = sourcecode.swift; path = RestaurantAndMenuVC.swift; sourceTree = "<group>"; };
		21B4B3A729E9A20900C7DC2E /* MenuTVCell.swift */ = {isa = PBXFileReference; lastKnownFileType = sourcecode.swift; path = MenuTVCell.swift; sourceTree = "<group>"; };
		21B4B3A829E9A20900C7DC2E /* MenuTVCell.xib */ = {isa = PBXFileReference; lastKnownFileType = file.xib; path = MenuTVCell.xib; sourceTree = "<group>"; };
		21B4B3AB29E9A2E200C7DC2E /* MenuHeaderView.swift */ = {isa = PBXFileReference; lastKnownFileType = sourcecode.swift; path = MenuHeaderView.swift; sourceTree = "<group>"; };
		21B4B3AD29E9C67100C7DC2E /* RestaurantDetailsTVCell.swift */ = {isa = PBXFileReference; lastKnownFileType = sourcecode.swift; path = RestaurantDetailsTVCell.swift; sourceTree = "<group>"; };
		21B4B3AF29E9C6FE00C7DC2E /* RestaurantDetailsVC.swift */ = {isa = PBXFileReference; lastKnownFileType = sourcecode.swift; path = RestaurantDetailsVC.swift; sourceTree = "<group>"; };
		21B4B3B129E9CB8200C7DC2E /* RestaurantDetailsVM.swift */ = {isa = PBXFileReference; lastKnownFileType = sourcecode.swift; path = RestaurantDetailsVM.swift; sourceTree = "<group>"; };
		21BC1CF929C7333D00B275F6 /* WideRestaurantCVCell.swift */ = {isa = PBXFileReference; lastKnownFileType = sourcecode.swift; path = WideRestaurantCVCell.swift; sourceTree = "<group>"; };
		21BC1CFA29C7333D00B275F6 /* WideRestaurantCVCell.xib */ = {isa = PBXFileReference; lastKnownFileType = file.xib; path = WideRestaurantCVCell.xib; sourceTree = "<group>"; };
		21BC1CFD29C738AD00B275F6 /* NarrowRestaurantCVCell.swift */ = {isa = PBXFileReference; lastKnownFileType = sourcecode.swift; path = NarrowRestaurantCVCell.swift; sourceTree = "<group>"; };
		21BC1CFE29C738AD00B275F6 /* NarrowRestaurantCVCell.xib */ = {isa = PBXFileReference; lastKnownFileType = file.xib; path = NarrowRestaurantCVCell.xib; sourceTree = "<group>"; };
		21BD800E29C762B500440D47 /* HomeVC.swift */ = {isa = PBXFileReference; lastKnownFileType = sourcecode.swift; path = HomeVC.swift; sourceTree = "<group>"; };
		21BD801029C7675D00440D47 /* HeaderView.swift */ = {isa = PBXFileReference; lastKnownFileType = sourcecode.swift; path = HeaderView.swift; sourceTree = "<group>"; };
		21C2703629CCCBAD00AA5099 /* History.storyboard */ = {isa = PBXFileReference; lastKnownFileType = file.storyboard; path = History.storyboard; sourceTree = "<group>"; };
		21C2703829CCCBD100AA5099 /* HistoryVC.swift */ = {isa = PBXFileReference; lastKnownFileType = sourcecode.swift; path = HistoryVC.swift; sourceTree = "<group>"; };
		21C2703C29CCCBFA00AA5099 /* HistoryHeaderView.swift */ = {isa = PBXFileReference; lastKnownFileType = sourcecode.swift; path = HistoryHeaderView.swift; sourceTree = "<group>"; };
		21C2703E29CCCC1900AA5099 /* HistoryHeaderView.xib */ = {isa = PBXFileReference; lastKnownFileType = file.xib; path = HistoryHeaderView.xib; sourceTree = "<group>"; };
		21C2704029CCCD3200AA5099 /* HistoryTVCell.swift */ = {isa = PBXFileReference; lastKnownFileType = sourcecode.swift; path = HistoryTVCell.swift; sourceTree = "<group>"; };
		21C2704129CCCD3200AA5099 /* HistoryTVCell.xib */ = {isa = PBXFileReference; lastKnownFileType = file.xib; path = HistoryTVCell.xib; sourceTree = "<group>"; };
		21C5FB2A29BF341E00C7EF70 /* AllCategoriesVC.swift */ = {isa = PBXFileReference; lastKnownFileType = sourcecode.swift; path = AllCategoriesVC.swift; sourceTree = "<group>"; };
		21C5FB2C29BF34DE00C7EF70 /* CategoryCell.swift */ = {isa = PBXFileReference; lastKnownFileType = sourcecode.swift; path = CategoryCell.swift; sourceTree = "<group>"; };
		21C5FB2F29BF557E00C7EF70 /* CustomSearchView.xib */ = {isa = PBXFileReference; lastKnownFileType = file.xib; path = CustomSearchView.xib; sourceTree = "<group>"; };
		21C5FB3129C0EA2000C7EF70 /* CustomSearchView.swift */ = {isa = PBXFileReference; lastKnownFileType = sourcecode.swift; path = CustomSearchView.swift; sourceTree = "<group>"; };
		21D23FC829BF2C660062AF37 /* Home.storyboard */ = {isa = PBXFileReference; lastKnownFileType = file.storyboard; path = Home.storyboard; sourceTree = "<group>"; };
		21D3656729B8C9C9007E8B2D /* CustomTabBarController.swift */ = {isa = PBXFileReference; lastKnownFileType = sourcecode.swift; path = CustomTabBarController.swift; sourceTree = "<group>"; };
		21D7585C29C7300300704917 /* HeaderView.xib */ = {isa = PBXFileReference; lastKnownFileType = file.xib; path = HeaderView.xib; sourceTree = "<group>"; };
		21DC3E5C29EC231400AF57DB /* MakeReservation.storyboard */ = {isa = PBXFileReference; lastKnownFileType = file.storyboard; path = MakeReservation.storyboard; sourceTree = "<group>"; };
		21DC3E5E29EC2BC100AF57DB /* MakeReservationVC.swift */ = {isa = PBXFileReference; lastKnownFileType = sourcecode.swift; path = MakeReservationVC.swift; sourceTree = "<group>"; };
		21E6416129DBFCFF00490215 /* CustomSegmentView.swift */ = {isa = PBXFileReference; lastKnownFileType = sourcecode.swift; path = CustomSegmentView.swift; sourceTree = "<group>"; };
		21F6692729B6541C00DF9F64 /* Login.storyboard */ = {isa = PBXFileReference; lastKnownFileType = file.storyboard; path = Login.storyboard; sourceTree = "<group>"; };
		21F6692929B654E600DF9F64 /* LoginVC.swift */ = {isa = PBXFileReference; lastKnownFileType = sourcecode.swift; path = LoginVC.swift; sourceTree = "<group>"; };
		21F6692D29B70A3700DF9F64 /* CustomButton.swift */ = {isa = PBXFileReference; lastKnownFileType = sourcecode.swift; path = CustomButton.swift; sourceTree = "<group>"; };
		21FA651629E6791E00AEED2D /* CustomSegmentView.xib */ = {isa = PBXFileReference; lastKnownFileType = file.xib; path = CustomSegmentView.xib; sourceTree = "<group>"; };
		21FA651829E679C600AEED2D /* CustomSegmentCVCell.swift */ = {isa = PBXFileReference; lastKnownFileType = sourcecode.swift; path = CustomSegmentCVCell.swift; sourceTree = "<group>"; };
		21FA651929E679C600AEED2D /* CustomSegmentCVCell.xib */ = {isa = PBXFileReference; lastKnownFileType = file.xib; path = CustomSegmentCVCell.xib; sourceTree = "<group>"; };
		21FAABC229A6A20D00731BCA /* RezervoApp.app */ = {isa = PBXFileReference; explicitFileType = wrapper.application; includeInIndex = 0; path = RezervoApp.app; sourceTree = BUILT_PRODUCTS_DIR; };
		21FAABC529A6A20D00731BCA /* AppDelegate.swift */ = {isa = PBXFileReference; lastKnownFileType = sourcecode.swift; path = AppDelegate.swift; sourceTree = "<group>"; };
		21FAABC729A6A20D00731BCA /* SceneDelegate.swift */ = {isa = PBXFileReference; lastKnownFileType = sourcecode.swift; path = SceneDelegate.swift; sourceTree = "<group>"; };
		21FAABC929A6A20D00731BCA /* ViewController.swift */ = {isa = PBXFileReference; lastKnownFileType = sourcecode.swift; path = ViewController.swift; sourceTree = "<group>"; };
		21FAABCC29A6A20D00731BCA /* Base */ = {isa = PBXFileReference; lastKnownFileType = file.storyboard; name = Base; path = Base.lproj/Main.storyboard; sourceTree = "<group>"; };
		21FAABCE29A6A20E00731BCA /* Assets.xcassets */ = {isa = PBXFileReference; lastKnownFileType = folder.assetcatalog; path = Assets.xcassets; sourceTree = "<group>"; };
		21FAABD129A6A20E00731BCA /* Base */ = {isa = PBXFileReference; lastKnownFileType = file.storyboard; name = Base; path = Base.lproj/LaunchScreen.storyboard; sourceTree = "<group>"; };
		21FAABD329A6A20E00731BCA /* Info.plist */ = {isa = PBXFileReference; lastKnownFileType = text.plist.xml; path = Info.plist; sourceTree = "<group>"; };
		21FAABD829A6A20F00731BCA /* RezervoAppTests.xctest */ = {isa = PBXFileReference; explicitFileType = wrapper.cfbundle; includeInIndex = 0; path = RezervoAppTests.xctest; sourceTree = BUILT_PRODUCTS_DIR; };
		21FAABDC29A6A20F00731BCA /* RezervoAppTests.swift */ = {isa = PBXFileReference; lastKnownFileType = sourcecode.swift; path = RezervoAppTests.swift; sourceTree = "<group>"; };
		21FAABE229A6A20F00731BCA /* RezervoAppUITests.xctest */ = {isa = PBXFileReference; explicitFileType = wrapper.cfbundle; includeInIndex = 0; path = RezervoAppUITests.xctest; sourceTree = BUILT_PRODUCTS_DIR; };
		21FAABE629A6A20F00731BCA /* RezervoAppUITests.swift */ = {isa = PBXFileReference; lastKnownFileType = sourcecode.swift; path = RezervoAppUITests.swift; sourceTree = "<group>"; };
		21FAABE829A6A20F00731BCA /* RezervoAppUITestsLaunchTests.swift */ = {isa = PBXFileReference; lastKnownFileType = sourcecode.swift; path = RezervoAppUITestsLaunchTests.swift; sourceTree = "<group>"; };
		21FAABF629A6A23100731BCA /* OnBoarding.storyboard */ = {isa = PBXFileReference; lastKnownFileType = file.storyboard; name = OnBoarding.storyboard; path = View/OnBoarding.storyboard; sourceTree = "<group>"; };
		21FAABFB29A6A6A500731BCA /* Extensions.swift */ = {isa = PBXFileReference; lastKnownFileType = sourcecode.swift; path = Extensions.swift; sourceTree = "<group>"; };
		21FAABFD29A6A7B300731BCA /* OnBoardingVC.swift */ = {isa = PBXFileReference; lastKnownFileType = sourcecode.swift; path = OnBoardingVC.swift; sourceTree = "<group>"; };
		21FAAC0029A6AF0C00731BCA /* Assets.swift */ = {isa = PBXFileReference; lastKnownFileType = sourcecode.swift; path = Assets.swift; sourceTree = "<group>"; };
		21FAAC0229A6B12800731BCA /* OnBoardCVCell.swift */ = {isa = PBXFileReference; lastKnownFileType = sourcecode.swift; path = OnBoardCVCell.swift; sourceTree = "<group>"; };
/* End PBXFileReference section */

/* Begin PBXFrameworksBuildPhase section */
		21FAABBF29A6A20D00731BCA /* Frameworks */ = {
			isa = PBXFrameworksBuildPhase;
			buildActionMask = 2147483647;
			files = (
			);
			runOnlyForDeploymentPostprocessing = 0;
		};
		21FAABD529A6A20F00731BCA /* Frameworks */ = {
			isa = PBXFrameworksBuildPhase;
			buildActionMask = 2147483647;
			files = (
			);
			runOnlyForDeploymentPostprocessing = 0;
		};
		21FAABDF29A6A20F00731BCA /* Frameworks */ = {
			isa = PBXFrameworksBuildPhase;
			buildActionMask = 2147483647;
			files = (
			);
			runOnlyForDeploymentPostprocessing = 0;
		};
/* End PBXFrameworksBuildPhase section */

/* Begin PBXGroup section */
		210F111A29B653C40023E4F6 /* Login */ = {
			isa = PBXGroup;
			children = (
				21F6692729B6541C00DF9F64 /* Login.storyboard */,
				2111638829B878860020ED9A /* EnterUserInfoVC.swift */,
				21F6692929B654E600DF9F64 /* LoginVC.swift */,
				2111638F29B880080020ED9A /* OTPVC.swift */,
			);
			path = Login;
			sourceTree = "<group>";
		};
		2111638A29B87C9A0020ED9A /* OTP View */ = {
			isa = PBXGroup;
			children = (
				2111638B29B87CBE0020ED9A /* OTPView.swift */,
				2111638D29B87CCA0020ED9A /* OTPView.xib */,
			);
			path = "OTP View";
			sourceTree = "<group>";
		};
		21373CEF29B63AE400478AEC /* View */ = {
			isa = PBXGroup;
			children = (
			);
			path = View;
			sourceTree = "<group>";
		};
		2140B85C29C2183F00A93257 /* Notifications */ = {
			isa = PBXGroup;
			children = (
				2140B85D29C2185500A93257 /* NotificationsVC.swift */,
				2140B86329C21ACF00A93257 /* NotificationTVCell.swift */,
				2140B85F29C2186200A93257 /* Notification.storyboard */,
			);
			path = Notifications;
			sourceTree = "<group>";
		};
		2140B86529C2255100A93257 /* Map */ = {
			isa = PBXGroup;
			children = (
				2140B86629C2256100A93257 /* Map.storyboard */,
				2140B86829C2257900A93257 /* MapVC.swift */,
			);
			path = Map;
			sourceTree = "<group>";
		};
		2140B86A29C2282A00A93257 /* Profile */ = {
			isa = PBXGroup;
			children = (
				2140B86B29C2283E00A93257 /* Profile.storyboard */,
				2140B86D29C2284B00A93257 /* ProfileVC.swift */,
				21875E5229CC5B1500FC2BCE /* EditProfileVC.swift */,
				2140B86F29C22E4600A93257 /* ProfileTVCell.swift */,
			);
			path = Profile;
			sourceTree = "<group>";
		};
		216597D329E678E800C539E0 /* CustomSegmentView */ = {
			isa = PBXGroup;
			children = (
				21E6416129DBFCFF00490215 /* CustomSegmentView.swift */,
				21FA651829E679C600AEED2D /* CustomSegmentCVCell.swift */,
				21FA651929E679C600AEED2D /* CustomSegmentCVCell.xib */,
				21FA651629E6791E00AEED2D /* CustomSegmentView.xib */,
			);
			path = CustomSegmentView;
			sourceTree = "<group>";
		};
		216F967429D85C960089702E /* Search */ = {
			isa = PBXGroup;
			children = (
				216F967529D85CB20089702E /* SearchVC.swift */,
			);
			path = Search;
			sourceTree = "<group>";
		};
		216F967B29D86C6B0089702E /* Reservations */ = {
			isa = PBXGroup;
			children = (
				216F968129D86CBD0089702E /* ReservationsVC.swift */,
			);
			path = Reservations;
			sourceTree = "<group>";
		};
		216F968029D86C8F0089702E /* NIBs */ = {
			isa = PBXGroup;
			children = (
				216F967D29D86C830089702E /* ReservationsCVCell.xib */,
				216F967829D85F900089702E /* FilterCVCell.xib */,
				21D7585C29C7300300704917 /* HeaderView.xib */,
				21BC1CFA29C7333D00B275F6 /* WideRestaurantCVCell.xib */,
				21BC1CFE29C738AD00B275F6 /* NarrowRestaurantCVCell.xib */,
			);
			path = NIBs;
			sourceTree = "<group>";
		};
		21B4B3A229E9970F00C7DC2E /* Restaurant and Menu */ = {
			isa = PBXGroup;
			children = (
				21B4B3A329E9973600C7DC2E /* RestaurantAndMenu.storyboard */,
				21B4B3A529E9A1DE00C7DC2E /* RestaurantAndMenuVC.swift */,
				21B4B3AF29E9C6FE00C7DC2E /* RestaurantDetailsVC.swift */,
				21B4B3B129E9CB8200C7DC2E /* RestaurantDetailsVM.swift */,
				21B4B3AD29E9C67100C7DC2E /* RestaurantDetailsTVCell.swift */,
				21B4B3A729E9A20900C7DC2E /* MenuTVCell.swift */,
				21B4B3AB29E9A2E200C7DC2E /* MenuHeaderView.swift */,
				21B4B3A829E9A20900C7DC2E /* MenuTVCell.xib */,
			);
			path = "Restaurant and Menu";
			sourceTree = "<group>";
		};
		21C2703529CCCB9600AA5099 /* History */ = {
			isa = PBXGroup;
			children = (
				21C2703629CCCBAD00AA5099 /* History.storyboard */,
				21C2703C29CCCBFA00AA5099 /* HistoryHeaderView.swift */,
				21C2704029CCCD3200AA5099 /* HistoryTVCell.swift */,
				21C2704129CCCD3200AA5099 /* HistoryTVCell.xib */,
				21C2703E29CCCC1900AA5099 /* HistoryHeaderView.xib */,
				21C2703829CCCBD100AA5099 /* HistoryVC.swift */,
			);
			path = History;
			sourceTree = "<group>";
		};
		21C5FB2E29BF552800C7EF70 /* Custom Search Field */ = {
			isa = PBXGroup;
			children = (
				21C5FB2F29BF557E00C7EF70 /* CustomSearchView.xib */,
				21C5FB3129C0EA2000C7EF70 /* CustomSearchView.swift */,
			);
			path = "Custom Search Field";
			sourceTree = "<group>";
		};
		21D23FC729BF2C570062AF37 /* Home */ = {
			isa = PBXGroup;
			children = (
				21D23FC829BF2C660062AF37 /* Home.storyboard */,
				21BD800E29C762B500440D47 /* HomeVC.swift */,
				21C5FB2A29BF341E00C7EF70 /* AllCategoriesVC.swift */,
				216F967B29D86C6B0089702E /* Reservations */,
				216F967429D85C960089702E /* Search */,
				21D7585929C72FDA00704917 /* Cells */,
				21C5FB2C29BF34DE00C7EF70 /* CategoryCell.swift */,
				2140B85829C2118500A93257 /* LocTVCell.swift */,
				2140B85629C20F6200A93257 /* YourLocationVC.swift */,
			);
			path = Home;
			sourceTree = "<group>";
		};
		21D7585929C72FDA00704917 /* Cells */ = {
			isa = PBXGroup;
			children = (
				216F967C29D86C830089702E /* ReservationsCVCell.swift */,
				216F968529DAFF340089702E /* ReservationsTVCell.swift */,
				216F968329D86E010089702E /* RestaurantsTVCell.swift */,
				21BD801029C7675D00440D47 /* HeaderView.swift */,
				216F967729D85F900089702E /* FilterCVCell.swift */,
				21BC1CF929C7333D00B275F6 /* WideRestaurantCVCell.swift */,
				21BC1CFD29C738AD00B275F6 /* NarrowRestaurantCVCell.swift */,
				216F968029D86C8F0089702E /* NIBs */,
			);
			path = Cells;
			sourceTree = "<group>";
		};
		21DC3E5929EC210F00AF57DB /* Scene  */ = {
			isa = PBXGroup;
			children = (
				21FAABC529A6A20D00731BCA /* AppDelegate.swift */,
				21FAABC729A6A20D00731BCA /* SceneDelegate.swift */,
			);
			path = "Scene ";
			sourceTree = "<group>";
		};
		21DC3E5A29EC212700AF57DB /* Global */ = {
			isa = PBXGroup;
			children = (
				21FAABFB29A6A6A500731BCA /* Extensions.swift */,
			);
			path = Global;
			sourceTree = "<group>";
		};
		21DC3E5B29EC22FC00AF57DB /* Make Reservation */ = {
			isa = PBXGroup;
			children = (
				21DC3E5C29EC231400AF57DB /* MakeReservation.storyboard */,
				215D3A6229EC31AE00FF48AD /* CalendarCVCell.swift */,
				215D3A6A29EC3AFC00FF48AD /* TimeCVCell.swift */,
				215D3A6B29EC3AFC00FF48AD /* TimeCVCell.xib */,
				215D3A6629EC397C00FF48AD /* TableCVCell.swift */,
				215D3A6729EC397C00FF48AD /* TableCVCell.xib */,
				215D3A6329EC31AE00FF48AD /* CalendarCVCell.xib */,
				21DC3E5E29EC2BC100AF57DB /* MakeReservationVC.swift */,
			);
			path = "Make Reservation";
			sourceTree = "<group>";
		};
		21FAABB929A6A20D00731BCA = {
			isa = PBXGroup;
			children = (
				21FAABC429A6A20D00731BCA /* RezervoApp */,
				21FAABDB29A6A20F00731BCA /* RezervoAppTests */,
				21FAABE529A6A20F00731BCA /* RezervoAppUITests */,
				21FAABC329A6A20D00731BCA /* Products */,
			);
			sourceTree = "<group>";
		};
		21FAABC329A6A20D00731BCA /* Products */ = {
			isa = PBXGroup;
			children = (
				21FAABC229A6A20D00731BCA /* RezervoApp.app */,
				21FAABD829A6A20F00731BCA /* RezervoAppTests.xctest */,
				21FAABE229A6A20F00731BCA /* RezervoAppUITests.xctest */,
			);
			name = Products;
			sourceTree = "<group>";
		};
		21FAABC429A6A20D00731BCA /* RezervoApp */ = {
			isa = PBXGroup;
			children = (
				21DC3E5929EC210F00AF57DB /* Scene  */,
				2140B85C29C2183F00A93257 /* Notifications */,
				21FAABF529A6A21900731BCA /* OnBoarding */,
				21C2703529CCCB9600AA5099 /* History */,
				21B4B3A229E9970F00C7DC2E /* Restaurant and Menu */,
				210F111A29B653C40023E4F6 /* Login */,
				2140B86529C2255100A93257 /* Map */,
				21D23FC729BF2C570062AF37 /* Home */,
				21FAABC929A6A20D00731BCA /* ViewController.swift */,
				21DC3E5B29EC22FC00AF57DB /* Make Reservation */,
				2140B86A29C2282A00A93257 /* Profile */,
				21FAABF829A6A5A200731BCA /* Custom Views */,
				21FAABFF29A6AEFB00731BCA /* Assets */,
				21DC3E5A29EC212700AF57DB /* Global */,
				21FAABCB29A6A20D00731BCA /* Main.storyboard */,
				21FAABD029A6A20E00731BCA /* LaunchScreen.storyboard */,
				21FAABD329A6A20E00731BCA /* Info.plist */,
			);
			path = RezervoApp;
			sourceTree = "<group>";
		};
		21FAABDB29A6A20F00731BCA /* RezervoAppTests */ = {
			isa = PBXGroup;
			children = (
				21FAABDC29A6A20F00731BCA /* RezervoAppTests.swift */,
			);
			path = RezervoAppTests;
			sourceTree = "<group>";
		};
		21FAABE529A6A20F00731BCA /* RezervoAppUITests */ = {
			isa = PBXGroup;
			children = (
				21FAABE629A6A20F00731BCA /* RezervoAppUITests.swift */,
				21FAABE829A6A20F00731BCA /* RezervoAppUITestsLaunchTests.swift */,
			);
			path = RezervoAppUITests;
			sourceTree = "<group>";
		};
		21FAABF529A6A21900731BCA /* OnBoarding */ = {
			isa = PBXGroup;
			children = (
				21FAABF629A6A23100731BCA /* OnBoarding.storyboard */,
				21373CEF29B63AE400478AEC /* View */,
				21FAABFD29A6A7B300731BCA /* OnBoardingVC.swift */,
				21FAAC0229A6B12800731BCA /* OnBoardCVCell.swift */,
				21B2EEFA29A78FAD001F4CBB /* CollectionViewCell.swift */,
				21B2EEFB29A78FAD001F4CBB /* CollectionViewCell.xib */,
			);
			path = OnBoarding;
			sourceTree = "<group>";
		};
		21FAABF829A6A5A200731BCA /* Custom Views */ = {
			isa = PBXGroup;
			children = (
				21C5FB2E29BF552800C7EF70 /* Custom Search Field */,
				2111638A29B87C9A0020ED9A /* OTP View */,
				219F901629B4D295002E28C4 /* CustomPageControllerView.swift */,
				216597D329E678E800C539E0 /* CustomSegmentView */,
				210F111629B63FBB0023E4F6 /* InputView.swift */,
				21F6692D29B70A3700DF9F64 /* CustomButton.swift */,
				2140B85A29C2175000A93257 /* PentagonImageView.swift */,
				210F111829B644EF0023E4F6 /* BaseTextField.swift */,
				210F111429B63CB10023E4F6 /* InputView.xib */,
				21D3656729B8C9C9007E8B2D /* CustomTabBarController.swift */,
			);
			path = "Custom Views";
			sourceTree = "<group>";
		};
		21FAABFF29A6AEFB00731BCA /* Assets */ = {
			isa = PBXGroup;
			children = (
				21FAABCE29A6A20E00731BCA /* Assets.xcassets */,
				21FAAC0029A6AF0C00731BCA /* Assets.swift */,
			);
			path = Assets;
			sourceTree = "<group>";
		};
/* End PBXGroup section */

/* Begin PBXNativeTarget section */
		21FAABC129A6A20D00731BCA /* RezervoApp */ = {
			isa = PBXNativeTarget;
			buildConfigurationList = 21FAABEC29A6A20F00731BCA /* Build configuration list for PBXNativeTarget "RezervoApp" */;
			buildPhases = (
				21FAABBE29A6A20D00731BCA /* Sources */,
				21FAABBF29A6A20D00731BCA /* Frameworks */,
				21FAABC029A6A20D00731BCA /* Resources */,
			);
			buildRules = (
			);
			dependencies = (
			);
			name = RezervoApp;
			productName = RezervoApp;
			productReference = 21FAABC229A6A20D00731BCA /* RezervoApp.app */;
			productType = "com.apple.product-type.application";
		};
		21FAABD729A6A20F00731BCA /* RezervoAppTests */ = {
			isa = PBXNativeTarget;
			buildConfigurationList = 21FAABEF29A6A20F00731BCA /* Build configuration list for PBXNativeTarget "RezervoAppTests" */;
			buildPhases = (
				21FAABD429A6A20F00731BCA /* Sources */,
				21FAABD529A6A20F00731BCA /* Frameworks */,
				21FAABD629A6A20F00731BCA /* Resources */,
			);
			buildRules = (
			);
			dependencies = (
				21FAABDA29A6A20F00731BCA /* PBXTargetDependency */,
			);
			name = RezervoAppTests;
			productName = RezervoAppTests;
			productReference = 21FAABD829A6A20F00731BCA /* RezervoAppTests.xctest */;
			productType = "com.apple.product-type.bundle.unit-test";
		};
		21FAABE129A6A20F00731BCA /* RezervoAppUITests */ = {
			isa = PBXNativeTarget;
			buildConfigurationList = 21FAABF229A6A20F00731BCA /* Build configuration list for PBXNativeTarget "RezervoAppUITests" */;
			buildPhases = (
				21FAABDE29A6A20F00731BCA /* Sources */,
				21FAABDF29A6A20F00731BCA /* Frameworks */,
				21FAABE029A6A20F00731BCA /* Resources */,
			);
			buildRules = (
			);
			dependencies = (
				21FAABE429A6A20F00731BCA /* PBXTargetDependency */,
			);
			name = RezervoAppUITests;
			productName = RezervoAppUITests;
			productReference = 21FAABE229A6A20F00731BCA /* RezervoAppUITests.xctest */;
			productType = "com.apple.product-type.bundle.ui-testing";
		};
/* End PBXNativeTarget section */

/* Begin PBXProject section */
		21FAABBA29A6A20D00731BCA /* Project object */ = {
			isa = PBXProject;
			attributes = {
				BuildIndependentTargetsInParallel = 1;
				LastSwiftUpdateCheck = 1400;
				LastUpgradeCheck = 1400;
				TargetAttributes = {
					21FAABC129A6A20D00731BCA = {
						CreatedOnToolsVersion = 14.0;
					};
					21FAABD729A6A20F00731BCA = {
						CreatedOnToolsVersion = 14.0;
						TestTargetID = 21FAABC129A6A20D00731BCA;
					};
					21FAABE129A6A20F00731BCA = {
						CreatedOnToolsVersion = 14.0;
						TestTargetID = 21FAABC129A6A20D00731BCA;
					};
				};
			};
			buildConfigurationList = 21FAABBD29A6A20D00731BCA /* Build configuration list for PBXProject "RezervoApp" */;
			compatibilityVersion = "Xcode 14.0";
			developmentRegion = en;
			hasScannedForEncodings = 0;
			knownRegions = (
				en,
				Base,
			);
			mainGroup = 21FAABB929A6A20D00731BCA;
			productRefGroup = 21FAABC329A6A20D00731BCA /* Products */;
			projectDirPath = "";
			projectRoot = "";
			targets = (
				21FAABC129A6A20D00731BCA /* RezervoApp */,
				21FAABD729A6A20F00731BCA /* RezervoAppTests */,
				21FAABE129A6A20F00731BCA /* RezervoAppUITests */,
			);
		};
/* End PBXProject section */

/* Begin PBXResourcesBuildPhase section */
		21FAABC029A6A20D00731BCA /* Resources */ = {
			isa = PBXResourcesBuildPhase;
			buildActionMask = 2147483647;
			files = (
				21D7585D29C7300300704917 /* HeaderView.xib in Resources */,
				21FAABD229A6A20E00731BCA /* LaunchScreen.storyboard in Resources */,
				21FAABCF29A6A20E00731BCA /* Assets.xcassets in Resources */,
				2111638E29B87CCA0020ED9A /* OTPView.xib in Resources */,
				21B4B3A429E9973600C7DC2E /* RestaurantAndMenu.storyboard in Resources */,
				21D23FC929BF2C660062AF37 /* Home.storyboard in Resources */,
				21FA651B29E679C600AEED2D /* CustomSegmentCVCell.xib in Resources */,
				21DC3E5D29EC231400AF57DB /* MakeReservation.storyboard in Resources */,
				216F967F29D86C830089702E /* ReservationsCVCell.xib in Resources */,
				21F6692829B6541C00DF9F64 /* Login.storyboard in Resources */,
				21BC1D0029C738AD00B275F6 /* NarrowRestaurantCVCell.xib in Resources */,
				2140B86C29C2283E00A93257 /* Profile.storyboard in Resources */,
				21FAABCD29A6A20D00731BCA /* Main.storyboard in Resources */,
				21BC1CFC29C7333D00B275F6 /* WideRestaurantCVCell.xib in Resources */,
				21FAABF729A6A23100731BCA /* OnBoarding.storyboard in Resources */,
				215D3A6D29EC3AFC00FF48AD /* TimeCVCell.xib in Resources */,
				21C5FB3029BF557E00C7EF70 /* CustomSearchView.xib in Resources */,
				216F967A29D85F900089702E /* FilterCVCell.xib in Resources */,
				21C2703F29CCCC1900AA5099 /* HistoryHeaderView.xib in Resources */,
				21FA651729E6791E00AEED2D /* CustomSegmentView.xib in Resources */,
				21B2EEFD29A78FAD001F4CBB /* CollectionViewCell.xib in Resources */,
				21C2704329CCCD3200AA5099 /* HistoryTVCell.xib in Resources */,
				215D3A6929EC397C00FF48AD /* TableCVCell.xib in Resources */,
				21B4B3AA29E9A20900C7DC2E /* MenuTVCell.xib in Resources */,
				2140B86029C2186200A93257 /* Notification.storyboard in Resources */,
				210F111529B63CB10023E4F6 /* InputView.xib in Resources */,
				2140B86729C2256100A93257 /* Map.storyboard in Resources */,
				21C2703729CCCBAD00AA5099 /* History.storyboard in Resources */,
				215D3A6529EC31AE00FF48AD /* CalendarCVCell.xib in Resources */,
			);
			runOnlyForDeploymentPostprocessing = 0;
		};
		21FAABD629A6A20F00731BCA /* Resources */ = {
			isa = PBXResourcesBuildPhase;
			buildActionMask = 2147483647;
			files = (
			);
			runOnlyForDeploymentPostprocessing = 0;
		};
		21FAABE029A6A20F00731BCA /* Resources */ = {
			isa = PBXResourcesBuildPhase;
			buildActionMask = 2147483647;
			files = (
			);
			runOnlyForDeploymentPostprocessing = 0;
		};
/* End PBXResourcesBuildPhase section */

/* Begin PBXSourcesBuildPhase section */
		21FAABBE29A6A20D00731BCA /* Sources */ = {
			isa = PBXSourcesBuildPhase;
			buildActionMask = 2147483647;
			files = (
				21F6692E29B70A3700DF9F64 /* CustomButton.swift in Sources */,
				21C5FB3229C0EA2000C7EF70 /* CustomSearchView.swift in Sources */,
				21C2703D29CCCBFA00AA5099 /* HistoryHeaderView.swift in Sources */,
				21C5FB2D29BF34DE00C7EF70 /* CategoryCell.swift in Sources */,
				21F6692B29B65AE900DF9F64 /* LoginVC.swift in Sources */,
				2140B85729C20F6200A93257 /* YourLocationVC.swift in Sources */,
				21B4B3A929E9A20900C7DC2E /* MenuTVCell.swift in Sources */,
				2111639029B880080020ED9A /* OTPVC.swift in Sources */,
				21BC1CFB29C7333D00B275F6 /* WideRestaurantCVCell.swift in Sources */,
				21BD801129C7675D00440D47 /* HeaderView.swift in Sources */,
				2140B86429C21ACF00A93257 /* NotificationTVCell.swift in Sources */,
				216F968629DAFF340089702E /* ReservationsTVCell.swift in Sources */,
				21FAABFC29A6A6A500731BCA /* Extensions.swift in Sources */,
				21C2704229CCCD3200AA5099 /* HistoryTVCell.swift in Sources */,
				21BD800F29C762B500440D47 /* HomeVC.swift in Sources */,
				21FAAC0129A6AF0C00731BCA /* Assets.swift in Sources */,
				216F968429D86E010089702E /* RestaurantsTVCell.swift in Sources */,
				219F901729B4D295002E28C4 /* CustomPageControllerView.swift in Sources */,
				21B2EEFC29A78FAD001F4CBB /* CollectionViewCell.swift in Sources */,
				210F111929B644EF0023E4F6 /* BaseTextField.swift in Sources */,
				216F967E29D86C830089702E /* ReservationsCVCell.swift in Sources */,
				21BC1CFF29C738AD00B275F6 /* NarrowRestaurantCVCell.swift in Sources */,
				21FAABCA29A6A20D00731BCA /* ViewController.swift in Sources */,
				21DC3E5F29EC2BC100AF57DB /* MakeReservationVC.swift in Sources */,
				2111638929B878860020ED9A /* EnterUserInfoVC.swift in Sources */,
				21FAAC0329A6B12800731BCA /* OnBoardCVCell.swift in Sources */,
				2140B86929C2257900A93257 /* MapVC.swift in Sources */,
				21FAABC629A6A20D00731BCA /* AppDelegate.swift in Sources */,
				21C2703929CCCBD100AA5099 /* HistoryVC.swift in Sources */,
				21D3656829B8C9C9007E8B2D /* CustomTabBarController.swift in Sources */,
				21875E5329CC5B1500FC2BCE /* EditProfileVC.swift in Sources */,
				2140B85929C2118500A93257 /* LocTVCell.swift in Sources */,
				21B4B3AC29E9A2E200C7DC2E /* MenuHeaderView.swift in Sources */,
				21E6416229DBFCFF00490215 /* CustomSegmentView.swift in Sources */,
				215D3A6829EC397C00FF48AD /* TableCVCell.swift in Sources */,
				215D3A6429EC31AE00FF48AD /* CalendarCVCell.swift in Sources */,
				21B4B3AE29E9C67100C7DC2E /* RestaurantDetailsTVCell.swift in Sources */,
				215D3A6C29EC3AFC00FF48AD /* TimeCVCell.swift in Sources */,
				2111638C29B87CBE0020ED9A /* OTPView.swift in Sources */,
				21B4B3A629E9A1DE00C7DC2E /* RestaurantAndMenuVC.swift in Sources */,
				21B4B3B229E9CB8200C7DC2E /* RestaurantDetailsVM.swift in Sources */,
				216F967629D85CB20089702E /* SearchVC.swift in Sources */,
				21B4B3B029E9C6FE00C7DC2E /* RestaurantDetailsVC.swift in Sources */,
				21F6692C29B65AF900DF9F64 /* InputView.swift in Sources */,
				216F967929D85F900089702E /* FilterCVCell.swift in Sources */,
				2140B87029C22E4600A93257 /* ProfileTVCell.swift in Sources */,
				2140B86E29C2284B00A93257 /* ProfileVC.swift in Sources */,
				2140B85E29C2185500A93257 /* NotificationsVC.swift in Sources */,
				21FAABC829A6A20D00731BCA /* SceneDelegate.swift in Sources */,
				21FA651A29E679C600AEED2D /* CustomSegmentCVCell.swift in Sources */,
				2140B85B29C2175000A93257 /* PentagonImageView.swift in Sources */,
				21C5FB2B29BF341E00C7EF70 /* AllCategoriesVC.swift in Sources */,
				21FAABFE29A6A7B300731BCA /* OnBoardingVC.swift in Sources */,
				216F968229D86CBD0089702E /* ReservationsVC.swift in Sources */,
			);
			runOnlyForDeploymentPostprocessing = 0;
		};
		21FAABD429A6A20F00731BCA /* Sources */ = {
			isa = PBXSourcesBuildPhase;
			buildActionMask = 2147483647;
			files = (
				21FAABDD29A6A20F00731BCA /* RezervoAppTests.swift in Sources */,
			);
			runOnlyForDeploymentPostprocessing = 0;
		};
		21FAABDE29A6A20F00731BCA /* Sources */ = {
			isa = PBXSourcesBuildPhase;
			buildActionMask = 2147483647;
			files = (
				21FAABE929A6A20F00731BCA /* RezervoAppUITestsLaunchTests.swift in Sources */,
				21FAABE729A6A20F00731BCA /* RezervoAppUITests.swift in Sources */,
			);
			runOnlyForDeploymentPostprocessing = 0;
		};
/* End PBXSourcesBuildPhase section */

/* Begin PBXTargetDependency section */
		21FAABDA29A6A20F00731BCA /* PBXTargetDependency */ = {
			isa = PBXTargetDependency;
			target = 21FAABC129A6A20D00731BCA /* RezervoApp */;
			targetProxy = 21FAABD929A6A20F00731BCA /* PBXContainerItemProxy */;
		};
		21FAABE429A6A20F00731BCA /* PBXTargetDependency */ = {
			isa = PBXTargetDependency;
			target = 21FAABC129A6A20D00731BCA /* RezervoApp */;
			targetProxy = 21FAABE329A6A20F00731BCA /* PBXContainerItemProxy */;
		};
/* End PBXTargetDependency section */

/* Begin PBXVariantGroup section */
		21FAABCB29A6A20D00731BCA /* Main.storyboard */ = {
			isa = PBXVariantGroup;
			children = (
				21FAABCC29A6A20D00731BCA /* Base */,
			);
			name = Main.storyboard;
			sourceTree = "<group>";
		};
		21FAABD029A6A20E00731BCA /* LaunchScreen.storyboard */ = {
			isa = PBXVariantGroup;
			children = (
				21FAABD129A6A20E00731BCA /* Base */,
			);
			name = LaunchScreen.storyboard;
			sourceTree = "<group>";
		};
/* End PBXVariantGroup section */

/* Begin XCBuildConfiguration section */
		21FAABEA29A6A20F00731BCA /* Debug */ = {
			isa = XCBuildConfiguration;
			buildSettings = {
				ALWAYS_SEARCH_USER_PATHS = NO;
				CLANG_ANALYZER_NONNULL = YES;
				CLANG_ANALYZER_NUMBER_OBJECT_CONVERSION = YES_AGGRESSIVE;
				CLANG_CXX_LANGUAGE_STANDARD = "gnu++20";
				CLANG_ENABLE_MODULES = YES;
				CLANG_ENABLE_OBJC_ARC = YES;
				CLANG_ENABLE_OBJC_WEAK = YES;
				CLANG_WARN_BLOCK_CAPTURE_AUTORELEASING = YES;
				CLANG_WARN_BOOL_CONVERSION = YES;
				CLANG_WARN_COMMA = YES;
				CLANG_WARN_CONSTANT_CONVERSION = YES;
				CLANG_WARN_DEPRECATED_OBJC_IMPLEMENTATIONS = YES;
				CLANG_WARN_DIRECT_OBJC_ISA_USAGE = YES_ERROR;
				CLANG_WARN_DOCUMENTATION_COMMENTS = YES;
				CLANG_WARN_EMPTY_BODY = YES;
				CLANG_WARN_ENUM_CONVERSION = YES;
				CLANG_WARN_INFINITE_RECURSION = YES;
				CLANG_WARN_INT_CONVERSION = YES;
				CLANG_WARN_NON_LITERAL_NULL_CONVERSION = YES;
				CLANG_WARN_OBJC_IMPLICIT_RETAIN_SELF = YES;
				CLANG_WARN_OBJC_LITERAL_CONVERSION = YES;
				CLANG_WARN_OBJC_ROOT_CLASS = YES_ERROR;
				CLANG_WARN_QUOTED_INCLUDE_IN_FRAMEWORK_HEADER = YES;
				CLANG_WARN_RANGE_LOOP_ANALYSIS = YES;
				CLANG_WARN_STRICT_PROTOTYPES = YES;
				CLANG_WARN_SUSPICIOUS_MOVE = YES;
				CLANG_WARN_UNGUARDED_AVAILABILITY = YES_AGGRESSIVE;
				CLANG_WARN_UNREACHABLE_CODE = YES;
				CLANG_WARN__DUPLICATE_METHOD_MATCH = YES;
				COPY_PHASE_STRIP = NO;
				DEBUG_INFORMATION_FORMAT = dwarf;
				ENABLE_STRICT_OBJC_MSGSEND = YES;
				ENABLE_TESTABILITY = YES;
				GCC_C_LANGUAGE_STANDARD = gnu11;
				GCC_DYNAMIC_NO_PIC = NO;
				GCC_NO_COMMON_BLOCKS = YES;
				GCC_OPTIMIZATION_LEVEL = 0;
				GCC_PREPROCESSOR_DEFINITIONS = (
					"DEBUG=1",
					"$(inherited)",
				);
				GCC_WARN_64_TO_32_BIT_CONVERSION = YES;
				GCC_WARN_ABOUT_RETURN_TYPE = YES_ERROR;
				GCC_WARN_UNDECLARED_SELECTOR = YES;
				GCC_WARN_UNINITIALIZED_AUTOS = YES_AGGRESSIVE;
				GCC_WARN_UNUSED_FUNCTION = YES;
				GCC_WARN_UNUSED_VARIABLE = YES;
				IPHONEOS_DEPLOYMENT_TARGET = 16.0;
				MTL_ENABLE_DEBUG_INFO = INCLUDE_SOURCE;
				MTL_FAST_MATH = YES;
				ONLY_ACTIVE_ARCH = YES;
				SDKROOT = iphoneos;
				SWIFT_ACTIVE_COMPILATION_CONDITIONS = DEBUG;
				SWIFT_OPTIMIZATION_LEVEL = "-Onone";
			};
			name = Debug;
		};
		21FAABEB29A6A20F00731BCA /* Release */ = {
			isa = XCBuildConfiguration;
			buildSettings = {
				ALWAYS_SEARCH_USER_PATHS = NO;
				CLANG_ANALYZER_NONNULL = YES;
				CLANG_ANALYZER_NUMBER_OBJECT_CONVERSION = YES_AGGRESSIVE;
				CLANG_CXX_LANGUAGE_STANDARD = "gnu++20";
				CLANG_ENABLE_MODULES = YES;
				CLANG_ENABLE_OBJC_ARC = YES;
				CLANG_ENABLE_OBJC_WEAK = YES;
				CLANG_WARN_BLOCK_CAPTURE_AUTORELEASING = YES;
				CLANG_WARN_BOOL_CONVERSION = YES;
				CLANG_WARN_COMMA = YES;
				CLANG_WARN_CONSTANT_CONVERSION = YES;
				CLANG_WARN_DEPRECATED_OBJC_IMPLEMENTATIONS = YES;
				CLANG_WARN_DIRECT_OBJC_ISA_USAGE = YES_ERROR;
				CLANG_WARN_DOCUMENTATION_COMMENTS = YES;
				CLANG_WARN_EMPTY_BODY = YES;
				CLANG_WARN_ENUM_CONVERSION = YES;
				CLANG_WARN_INFINITE_RECURSION = YES;
				CLANG_WARN_INT_CONVERSION = YES;
				CLANG_WARN_NON_LITERAL_NULL_CONVERSION = YES;
				CLANG_WARN_OBJC_IMPLICIT_RETAIN_SELF = YES;
				CLANG_WARN_OBJC_LITERAL_CONVERSION = YES;
				CLANG_WARN_OBJC_ROOT_CLASS = YES_ERROR;
				CLANG_WARN_QUOTED_INCLUDE_IN_FRAMEWORK_HEADER = YES;
				CLANG_WARN_RANGE_LOOP_ANALYSIS = YES;
				CLANG_WARN_STRICT_PROTOTYPES = YES;
				CLANG_WARN_SUSPICIOUS_MOVE = YES;
				CLANG_WARN_UNGUARDED_AVAILABILITY = YES_AGGRESSIVE;
				CLANG_WARN_UNREACHABLE_CODE = YES;
				CLANG_WARN__DUPLICATE_METHOD_MATCH = YES;
				COPY_PHASE_STRIP = NO;
				DEBUG_INFORMATION_FORMAT = "dwarf-with-dsym";
				ENABLE_NS_ASSERTIONS = NO;
				ENABLE_STRICT_OBJC_MSGSEND = YES;
				GCC_C_LANGUAGE_STANDARD = gnu11;
				GCC_NO_COMMON_BLOCKS = YES;
				GCC_WARN_64_TO_32_BIT_CONVERSION = YES;
				GCC_WARN_ABOUT_RETURN_TYPE = YES_ERROR;
				GCC_WARN_UNDECLARED_SELECTOR = YES;
				GCC_WARN_UNINITIALIZED_AUTOS = YES_AGGRESSIVE;
				GCC_WARN_UNUSED_FUNCTION = YES;
				GCC_WARN_UNUSED_VARIABLE = YES;
				IPHONEOS_DEPLOYMENT_TARGET = 16.0;
				MTL_ENABLE_DEBUG_INFO = NO;
				MTL_FAST_MATH = YES;
				SDKROOT = iphoneos;
				SWIFT_COMPILATION_MODE = wholemodule;
				SWIFT_OPTIMIZATION_LEVEL = "-O";
				VALIDATE_PRODUCT = YES;
			};
			name = Release;
		};
		21FAABED29A6A20F00731BCA /* Debug */ = {
			isa = XCBuildConfiguration;
			buildSettings = {
				ASSETCATALOG_COMPILER_APPICON_NAME = AppIcon;
				ASSETCATALOG_COMPILER_GLOBAL_ACCENT_COLOR_NAME = AccentColor;
				CODE_SIGN_STYLE = Automatic;
				CURRENT_PROJECT_VERSION = 1;
				DEVELOPMENT_TEAM = TJ46AU42BF;
				GENERATE_INFOPLIST_FILE = YES;
				INFOPLIST_FILE = RezervoApp/Info.plist;
				INFOPLIST_KEY_UIApplicationSupportsIndirectInputEvents = YES;
				INFOPLIST_KEY_UILaunchStoryboardName = LaunchScreen;
				INFOPLIST_KEY_UIMainStoryboardFile = Main;
				INFOPLIST_KEY_UISupportedInterfaceOrientations_iPad = "UIInterfaceOrientationPortrait UIInterfaceOrientationPortraitUpsideDown UIInterfaceOrientationLandscapeLeft UIInterfaceOrientationLandscapeRight";
				INFOPLIST_KEY_UISupportedInterfaceOrientations_iPhone = "UIInterfaceOrientationPortrait UIInterfaceOrientationLandscapeLeft UIInterfaceOrientationLandscapeRight";
				IPHONEOS_DEPLOYMENT_TARGET = 13.0;
				LD_RUNPATH_SEARCH_PATHS = (
					"$(inherited)",
					"@executable_path/Frameworks",
				);
				MARKETING_VERSION = 1.0;
				PRODUCT_BUNDLE_IDENTIFIER = "Rezervo-App.RezervoApp";
				PRODUCT_NAME = "$(TARGET_NAME)";
				SWIFT_EMIT_LOC_STRINGS = YES;
				SWIFT_VERSION = 5.0;
				TARGETED_DEVICE_FAMILY = "1,2";
			};
			name = Debug;
		};
		21FAABEE29A6A20F00731BCA /* Release */ = {
			isa = XCBuildConfiguration;
			buildSettings = {
				ASSETCATALOG_COMPILER_APPICON_NAME = AppIcon;
				ASSETCATALOG_COMPILER_GLOBAL_ACCENT_COLOR_NAME = AccentColor;
				CODE_SIGN_STYLE = Automatic;
				CURRENT_PROJECT_VERSION = 1;
				DEVELOPMENT_TEAM = TJ46AU42BF;
				GENERATE_INFOPLIST_FILE = YES;
				INFOPLIST_FILE = RezervoApp/Info.plist;
				INFOPLIST_KEY_UIApplicationSupportsIndirectInputEvents = YES;
				INFOPLIST_KEY_UILaunchStoryboardName = LaunchScreen;
				INFOPLIST_KEY_UIMainStoryboardFile = Main;
				INFOPLIST_KEY_UISupportedInterfaceOrientations_iPad = "UIInterfaceOrientationPortrait UIInterfaceOrientationPortraitUpsideDown UIInterfaceOrientationLandscapeLeft UIInterfaceOrientationLandscapeRight";
				INFOPLIST_KEY_UISupportedInterfaceOrientations_iPhone = "UIInterfaceOrientationPortrait UIInterfaceOrientationLandscapeLeft UIInterfaceOrientationLandscapeRight";
				IPHONEOS_DEPLOYMENT_TARGET = 13.0;
				LD_RUNPATH_SEARCH_PATHS = (
					"$(inherited)",
					"@executable_path/Frameworks",
				);
				MARKETING_VERSION = 1.0;
				PRODUCT_BUNDLE_IDENTIFIER = "Rezervo-App.RezervoApp";
				PRODUCT_NAME = "$(TARGET_NAME)";
				SWIFT_EMIT_LOC_STRINGS = YES;
				SWIFT_VERSION = 5.0;
				TARGETED_DEVICE_FAMILY = "1,2";
			};
			name = Release;
		};
		21FAABF029A6A20F00731BCA /* Debug */ = {
			isa = XCBuildConfiguration;
			buildSettings = {
				ALWAYS_EMBED_SWIFT_STANDARD_LIBRARIES = YES;
				BUNDLE_LOADER = "$(TEST_HOST)";
				CODE_SIGN_STYLE = Automatic;
				CURRENT_PROJECT_VERSION = 1;
				DEVELOPMENT_TEAM = TJ46AU42BF;
				GENERATE_INFOPLIST_FILE = YES;
				IPHONEOS_DEPLOYMENT_TARGET = 16.0;
				MARKETING_VERSION = 1.0;
				PRODUCT_BUNDLE_IDENTIFIER = "Rezervo-App.RezervoAppTests";
				PRODUCT_NAME = "$(TARGET_NAME)";
				SWIFT_EMIT_LOC_STRINGS = NO;
				SWIFT_VERSION = 5.0;
				TARGETED_DEVICE_FAMILY = "1,2";
				TEST_HOST = "$(BUILT_PRODUCTS_DIR)/RezervoApp.app/$(BUNDLE_EXECUTABLE_FOLDER_PATH)/RezervoApp";
			};
			name = Debug;
		};
		21FAABF129A6A20F00731BCA /* Release */ = {
			isa = XCBuildConfiguration;
			buildSettings = {
				ALWAYS_EMBED_SWIFT_STANDARD_LIBRARIES = YES;
				BUNDLE_LOADER = "$(TEST_HOST)";
				CODE_SIGN_STYLE = Automatic;
				CURRENT_PROJECT_VERSION = 1;
				DEVELOPMENT_TEAM = TJ46AU42BF;
				GENERATE_INFOPLIST_FILE = YES;
				IPHONEOS_DEPLOYMENT_TARGET = 16.0;
				MARKETING_VERSION = 1.0;
				PRODUCT_BUNDLE_IDENTIFIER = "Rezervo-App.RezervoAppTests";
				PRODUCT_NAME = "$(TARGET_NAME)";
				SWIFT_EMIT_LOC_STRINGS = NO;
				SWIFT_VERSION = 5.0;
				TARGETED_DEVICE_FAMILY = "1,2";
				TEST_HOST = "$(BUILT_PRODUCTS_DIR)/RezervoApp.app/$(BUNDLE_EXECUTABLE_FOLDER_PATH)/RezervoApp";
			};
			name = Release;
		};
		21FAABF329A6A20F00731BCA /* Debug */ = {
			isa = XCBuildConfiguration;
			buildSettings = {
				ALWAYS_EMBED_SWIFT_STANDARD_LIBRARIES = YES;
				CODE_SIGN_STYLE = Automatic;
				CURRENT_PROJECT_VERSION = 1;
				DEVELOPMENT_TEAM = TJ46AU42BF;
				GENERATE_INFOPLIST_FILE = YES;
				MARKETING_VERSION = 1.0;
				PRODUCT_BUNDLE_IDENTIFIER = "Rezervo-App.RezervoAppUITests";
				PRODUCT_NAME = "$(TARGET_NAME)";
				SWIFT_EMIT_LOC_STRINGS = NO;
				SWIFT_VERSION = 5.0;
				TARGETED_DEVICE_FAMILY = "1,2";
				TEST_TARGET_NAME = RezervoApp;
			};
			name = Debug;
		};
		21FAABF429A6A20F00731BCA /* Release */ = {
			isa = XCBuildConfiguration;
			buildSettings = {
				ALWAYS_EMBED_SWIFT_STANDARD_LIBRARIES = YES;
				CODE_SIGN_STYLE = Automatic;
				CURRENT_PROJECT_VERSION = 1;
				DEVELOPMENT_TEAM = TJ46AU42BF;
				GENERATE_INFOPLIST_FILE = YES;
				MARKETING_VERSION = 1.0;
				PRODUCT_BUNDLE_IDENTIFIER = "Rezervo-App.RezervoAppUITests";
				PRODUCT_NAME = "$(TARGET_NAME)";
				SWIFT_EMIT_LOC_STRINGS = NO;
				SWIFT_VERSION = 5.0;
				TARGETED_DEVICE_FAMILY = "1,2";
				TEST_TARGET_NAME = RezervoApp;
			};
			name = Release;
		};
/* End XCBuildConfiguration section */

/* Begin XCConfigurationList section */
		21FAABBD29A6A20D00731BCA /* Build configuration list for PBXProject "RezervoApp" */ = {
			isa = XCConfigurationList;
			buildConfigurations = (
				21FAABEA29A6A20F00731BCA /* Debug */,
				21FAABEB29A6A20F00731BCA /* Release */,
			);
			defaultConfigurationIsVisible = 0;
			defaultConfigurationName = Release;
		};
		21FAABEC29A6A20F00731BCA /* Build configuration list for PBXNativeTarget "RezervoApp" */ = {
			isa = XCConfigurationList;
			buildConfigurations = (
				21FAABED29A6A20F00731BCA /* Debug */,
				21FAABEE29A6A20F00731BCA /* Release */,
			);
			defaultConfigurationIsVisible = 0;
			defaultConfigurationName = Release;
		};
		21FAABEF29A6A20F00731BCA /* Build configuration list for PBXNativeTarget "RezervoAppTests" */ = {
			isa = XCConfigurationList;
			buildConfigurations = (
				21FAABF029A6A20F00731BCA /* Debug */,
				21FAABF129A6A20F00731BCA /* Release */,
			);
			defaultConfigurationIsVisible = 0;
			defaultConfigurationName = Release;
		};
		21FAABF229A6A20F00731BCA /* Build configuration list for PBXNativeTarget "RezervoAppUITests" */ = {
			isa = XCConfigurationList;
			buildConfigurations = (
				21FAABF329A6A20F00731BCA /* Debug */,
				21FAABF429A6A20F00731BCA /* Release */,
			);
			defaultConfigurationIsVisible = 0;
			defaultConfigurationName = Release;
		};
/* End XCConfigurationList section */
	};
	rootObject = 21FAABBA29A6A20D00731BCA /* Project object */;
}
